
Microsoft Visual Studio Solution File, Format Version 12.00
# Visual Studio Version 17
VisualStudioVersion = 17.2.32616.157
MinimumVisualStudioVersion = 10.0.40219.1
Project("{FAE04EC0-301F-11D3-BF4B-00C04F79EFBC}") = "Gizmo.Client.UI.Services", "Gizmo.Client.UI.Services\Gizmo.Client.UI.Services.csproj", "{8C74C6DC-FB87-4BDC-AD4C-582861FF2BD9}"
EndProject
Global
	GlobalSection(SolutionConfigurationPlatforms) = preSolution
		Debug|Any CPU = Debug|Any CPU
		Release|Any CPU = Release|Any CPU
	EndGlobalSection
	GlobalSection(ProjectConfigurationPlatforms) = postSolution
		{8C74C6DC-FB87-4BDC-AD4C-582861FF2BD9}.Debug|Any CPU.ActiveCfg = Debug|Any CPU
		{8C74C6DC-FB87-4BDC-AD4C-582861FF2BD9}.Debug|Any CPU.Build.0 = Debug|Any CPU
		{8C74C6DC-FB87-4BDC-AD4C-582861FF2BD9}.Release|Any CPU.ActiveCfg = Release|Any CPU
		{8C74C6DC-FB87-4BDC-AD4C-582861FF2BD9}.Release|Any CPU.Build.0 = Release|Any CPU
	EndGlobalSection
	GlobalSection(SolutionProperties) = preSolution
		HideSolutionNode = FALSE
	EndGlobalSection
	GlobalSection(ExtensibilityGlobals) = postSolution
		SolutionGuid = {E65ED802-E3D7-402C-BEB3-F453E1B5754A}
	EndGlobalSection
EndGlobal
