
Microsoft Visual Studio Solution File, Format Version 12.00
# Visual Studio Version 17
VisualStudioVersion = 17.2.32616.157
MinimumVisualStudioVersion = 10.0.40219.1
Project("{9A19103F-16F7-4668-BE54-9A1E7A4F7556}") = "Gizmo.UI", "Gizmo.UI\Gizmo.UI.csproj", "{15166673-648B-41AA-87A6-458FAD4C35FE}"
EndProject
Project("{9A19103F-16F7-4668-BE54-9A1E7A4F7556}") = "Gizmo.Shared", "..\Gizmo.Shared\Gizmo.Shared.csproj", "{98E2CE5A-9534-4277-BD4C-410B8CCE9772}"
EndProject
Global
	GlobalSection(SolutionConfigurationPlatforms) = preSolution
		Debug|Any CPU = Debug|Any CPU
		Release|Any CPU = Release|Any CPU
	EndGlobalSection
	GlobalSection(ProjectConfigurationPlatforms) = postSolution
		{15166673-648B-41AA-87A6-458FAD4C35FE}.Debug|Any CPU.ActiveCfg = Debug|Any CPU
		{15166673-648B-41AA-87A6-458FAD4C35FE}.Debug|Any CPU.Build.0 = Debug|Any CPU
		{15166673-648B-41AA-87A6-458FAD4C35FE}.Release|Any CPU.ActiveCfg = Release|Any CPU
		{15166673-648B-41AA-87A6-458FAD4C35FE}.Release|Any CPU.Build.0 = Release|Any CPU
		{98E2CE5A-9534-4277-BD4C-410B8CCE9772}.Debug|Any CPU.ActiveCfg = Debug|Any CPU
		{98E2CE5A-9534-4277-BD4C-410B8CCE9772}.Debug|Any CPU.Build.0 = Debug|Any CPU
		{98E2CE5A-9534-4277-BD4C-410B8CCE9772}.Release|Any CPU.ActiveCfg = Release|Any CPU
		{98E2CE5A-9534-4277-BD4C-410B8CCE9772}.Release|Any CPU.Build.0 = Release|Any CPU
	EndGlobalSection
	GlobalSection(SolutionProperties) = preSolution
		HideSolutionNode = FALSE
	EndGlobalSection
	GlobalSection(ExtensibilityGlobals) = postSolution
		SolutionGuid = {577BF090-35D4-4523-AA42-C087697B2792}
	EndGlobalSection
EndGlobal
